{
  "name": "group_project_CS6422",
  "lockfileVersion": 3,
  "requires": true,
  "packages": {
    "": {
      "dependencies": {
        "@fontsource/calistoga": "^5.2.7",
        "@fontsource/libre-baskerville": "^5.2.8",
        "@fontsource/old-standard-tt": "^5.2.8",
        "@fontsource/playfair-display": "^5.2.8",
        "@fontsource/rubik": "^5.2.8"
      }
    },
    "node_modules/@fontsource/calistoga": {
      "version": "5.2.7",
      "resolved": "https://registry.npmjs.org/@fontsource/calistoga/-/calistoga-5.2.7.tgz",
      "integrity": "sha512-D7cSaK1b5pWbPw7Z95QWcHCouTwOAysHCGSIHSLq6fuQOJR4m/zHILOyBuAQNjQo1u0cTrWiGdll1gE08eG4jA==",
      "license": "OFL-1.1",
      "funding": {
        "url": "https://github.com/sponsors/ayuhito"
      }
    },
    "node_modules/@fontsource/libre-baskerville": {
      "version": "5.2.8",
      "resolved": "https://registry.npmjs.org/@fontsource/libre-baskerville/-/libre-baskerville-5.2.8.tgz",
      "integrity": "sha512-jE+bedLb020OK2KDBZWJ2Wos4maagvnMcTwsxRjpMNxANW4GiD8lZF8Yezc8e+GDGG9UfJzJPbWfYun55JIWoA==",
      "license": "OFL-1.1",
      "funding": {
        "url": "https://github.com/sponsors/ayuhito"
      }
    },
    "node_modules/@fontsource/old-standard-tt": {
      "version": "5.2.8",
      "resolved": "https://registry.npmjs.org/@fontsource/old-standard-tt/-/old-standard-tt-5.2.8.tgz",
      "integrity": "sha512-rGhHyfNC5EWby+tgPQq/odncRSHmArZpoY2OESFmwpSkLNRluZqLGSab7bfGLiq4TU+Xp4usEJesqgsdZecbow==",
      "license": "OFL-1.1",
      "funding": {
        "url": "https://github.com/sponsors/ayuhito"
      }
    },
    "node_modules/@fontsource/playfair-display": {
      "version": "5.2.8",
      "resolved": "https://registry.npmjs.org/@fontsource/playfair-display/-/playfair-display-5.2.8.tgz",
      "integrity": "sha512-fUEhib70SszNhQVsGbUMSsWJhr7Je0rdeuZdtGpDNu0GKF1xJM8QhpI/y0pckU25GcChXm9TLOmeZupkvvZo2g==",
      "license": "OFL-1.1",
      "funding": {
        "url": "https://github.com/sponsors/ayuhito"
      }
    },
    "node_modules/@fontsource/rubik": {
      "version": "5.2.8",
      "resolved": "https://registry.npmjs.org/@fontsource/rubik/-/rubik-5.2.8.tgz",
      "integrity": "sha512-PIc8QR7FqWPcYhbdRiGff56vQlKqg/ytES1YqecSq1GkgxiH4TBshrFvDEOZ9JonUF9m1qQ+qXxJj7wD5zgXEw==",
      "license": "OFL-1.1",
      "funding": {
        "url": "https://github.com/sponsors/ayuhito"
      }
    }
  }
}
